// !$*UTF8*$!
{
	archiveVersion = 1;
	classes = {
	};
	objectVersion = 56;
	objects = {

/* Begin PBXBuildFile section */
		8824CBC62C555557007320EE /* Password.swift in Sources */ = {isa = PBXBuildFile; fileRef = 8824CBC52C555557007320EE /* Password.swift */; };
		88411FC72C5AA52D00EEE5D4 /* AddNotes.swift in Sources */ = {isa = PBXBuildFile; fileRef = 88411FC62C5AA52D00EEE5D4 /* AddNotes.swift */; };
		88606BF42C58208F00A600E3 /* Notes.swift in Sources */ = {isa = PBXBuildFile; fileRef = 88606BF32C58208F00A600E3 /* Notes.swift */; };
		886F7A992C5FFC6D008C6613 /* AddPassword.swift in Sources */ = {isa = PBXBuildFile; fileRef = 886F7A982C5FFC6D008C6613 /* AddPassword.swift */; };
		888AC08A2C048C8E001FCD49 /* Password_KeeperApp.swift in Sources */ = {isa = PBXBuildFile; fileRef = 888AC0892C048C8E001FCD49 /* Password_KeeperApp.swift */; };
		888AC08C2C048C8E001FCD49 /* ContentView.swift in Sources */ = {isa = PBXBuildFile; fileRef = 888AC08B2C048C8E001FCD49 /* ContentView.swift */; };
		888AC08E2C048C8F001FCD49 /* Assets.xcassets in Resources */ = {isa = PBXBuildFile; fileRef = 888AC08D2C048C8F001FCD49 /* Assets.xcassets */; };
		888AC0912C048C8F001FCD49 /* Preview Assets.xcassets in Resources */ = {isa = PBXBuildFile; fileRef = 888AC0902C048C8F001FCD49 /* Preview Assets.xcassets */; };
		88F365042C614C1E00F17B1F /* PaaswordSaveData.swift in Sources */ = {isa = PBXBuildFile; fileRef = 88F365032C614C1E00F17B1F /* PaaswordSaveData.swift */; };
/* End PBXBuildFile section */

/* Begin PBXFileReference section */
		8824CBC52C555557007320EE /* Password.swift */ = {isa = PBXFileReference; lastKnownFileType = sourcecode.swift; path = Password.swift; sourceTree = "<group>"; };
		88411FC62C5AA52D00EEE5D4 /* AddNotes.swift */ = {isa = PBXFileReference; lastKnownFileType = sourcecode.swift; path = AddNotes.swift; sourceTree = "<group>"; };
		88606BF32C58208F00A600E3 /* Notes.swift */ = {isa = PBXFileReference; lastKnownFileType = sourcecode.swift; path = Notes.swift; sourceTree = "<group>"; };
		886F7A982C5FFC6D008C6613 /* AddPassword.swift */ = {isa = PBXFileReference; lastKnownFileType = sourcecode.swift; path = AddPassword.swift; sourceTree = "<group>"; };
		888AC0862C048C8E001FCD49 /* Password Keeper.app */ = {isa = PBXFileReference; explicitFileType = wrapper.application; includeInIndex = 0; path = "Password Keeper.app"; sourceTree = BUILT_PRODUCTS_DIR; };
		888AC0892C048C8E001FCD49 /* Password_KeeperApp.swift */ = {isa = PBXFileReference; lastKnownFileType = sourcecode.swift; path = Password_KeeperApp.swift; sourceTree = "<group>"; };
		888AC08B2C048C8E001FCD49 /* ContentView.swift */ = {isa = PBXFileReference; lastKnownFileType = sourcecode.swift; path = ContentView.swift; sourceTree = "<group>"; };
		888AC08D2C048C8F001FCD49 /* Assets.xcassets */ = {isa = PBXFileReference; lastKnownFileType = folder.assetcatalog; path = Assets.xcassets; sourceTree = "<group>"; };
		888AC0902C048C8F001FCD49 /* Preview Assets.xcassets */ = {isa = PBXFileReference; lastKnownFileType = folder.assetcatalog; path = "Preview Assets.xcassets"; sourceTree = "<group>"; };
		88F365032C614C1E00F17B1F /* PaaswordSaveData.swift */ = {isa = PBXFileReference; lastKnownFileType = sourcecode.swift; path = PaaswordSaveData.swift; sourceTree = "<group>"; };
/* End PBXFileReference section */

/* Begin PBXFrameworksBuildPhase section */
		888AC0832C048C8E001FCD49 /* Frameworks */ = {
			isa = PBXFrameworksBuildPhase;
			buildActionMask = 2147483647;
			files = (
			);
			runOnlyForDeploymentPostprocessing = 0;
		};
/* End PBXFrameworksBuildPhase section */

/* Begin PBXGroup section */
		88606BF52C5820D800A600E3 /* Component */ = {
			isa = PBXGroup;
			children = (
				8824CBC52C555557007320EE /* Password.swift */,
				88606BF32C58208F00A600E3 /* Notes.swift */,
				88411FC62C5AA52D00EEE5D4 /* AddNotes.swift */,
				886F7A982C5FFC6D008C6613 /* AddPassword.swift */,
			);
			path = Component;
			sourceTree = "<group>";
		};
		888AC07D2C048C8E001FCD49 = {
			isa = PBXGroup;
			children = (
				888AC0882C048C8E001FCD49 /* Password Keeper */,
				888AC0872C048C8E001FCD49 /* Products */,
			);
			sourceTree = "<group>";
		};
		888AC0872C048C8E001FCD49 /* Products */ = {
			isa = PBXGroup;
			children = (
				888AC0862C048C8E001FCD49 /* Password Keeper.app */,
			);
			name = Products;
			sourceTree = "<group>";
		};
		888AC0882C048C8E001FCD49 /* Password Keeper */ = {
			isa = PBXGroup;
			children = (
				88F365022C614C0400F17B1F /* DataManager */,
				88606BF52C5820D800A600E3 /* Component */,
				888AC0892C048C8E001FCD49 /* Password_KeeperApp.swift */,
				888AC08B2C048C8E001FCD49 /* ContentView.swift */,
				888AC08D2C048C8F001FCD49 /* Assets.xcassets */,
				888AC08F2C048C8F001FCD49 /* Preview Content */,
			);
			path = "Password Keeper";
			sourceTree = "<group>";
		};
		888AC08F2C048C8F001FCD49 /* Preview Content */ = {
			isa = PBXGroup;
			children = (
				888AC0902C048C8F001FCD49 /* Preview Assets.xcassets */,
			);
			path = "Preview Content";
			sourceTree = "<group>";
		};
		88F365022C614C0400F17B1F /* DataManager */ = {
			isa = PBXGroup;
			children = (
				88F365032C614C1E00F17B1F /* PaaswordSaveData.swift */,
			);
			path = DataManager;
			sourceTree = "<group>";
		};
/* End PBXGroup section */

/* Begin PBXNativeTarget section */
		888AC0852C048C8E001FCD49 /* Password Keeper */ = {
			isa = PBXNativeTarget;
			buildConfigurationList = 888AC0942C048C8F001FCD49 /* Build configuration list for PBXNativeTarget "Password Keeper" */;
			buildPhases = (
				888AC0822C048C8E001FCD49 /* Sources */,
				888AC0832C048C8E001FCD49 /* Frameworks */,
				888AC0842C048C8E001FCD49 /* Resources */,
			);
			buildRules = (
			);
			dependencies = (
			);
			name = "Password Keeper";
			productName = "Password Keeper";
			productReference = 888AC0862C048C8E001FCD49 /* Password Keeper.app */;
			productType = "com.apple.product-type.application";
		};
/* End PBXNativeTarget section */

/* Begin PBXProject section */
		888AC07E2C048C8E001FCD49 /* Project object */ = {
			isa = PBXProject;
			attributes = {
				BuildIndependentTargetsInParallel = 1;
				LastSwiftUpdateCheck = 1540;
				LastUpgradeCheck = 1540;
				TargetAttributes = {
					888AC0852C048C8E001FCD49 = {
						CreatedOnToolsVersion = 15.4;
					};
				};
			};
			buildConfigurationList = 888AC0812C048C8E001FCD49 /* Build configuration list for PBXProject "Password Keeper" */;
			compatibilityVersion = "Xcode 14.0";
			developmentRegion = en;
			hasScannedForEncodings = 0;
			knownRegions = (
				en,
				Base,
			);
			mainGroup = 888AC07D2C048C8E001FCD49;
			productRefGroup = 888AC0872C048C8E001FCD49 /* Products */;
			projectDirPath = "";
			projectRoot = "";
			targets = (
				888AC0852C048C8E001FCD49 /* Password Keeper */,
			);
		};
/* End PBXProject section */

/* Begin PBXResourcesBuildPhase section */
		888AC0842C048C8E001FCD49 /* Resources */ = {
			isa = PBXResourcesBuildPhase;
			buildActionMask = 2147483647;
			files = (
				888AC0912C048C8F001FCD49 /* Preview Assets.xcassets in Resources */,
				888AC08E2C048C8F001FCD49 /* Assets.xcassets in Resources */,
			);
			runOnlyForDeploymentPostprocessing = 0;
		};
/* End PBXResourcesBuildPhase section */

/* Begin PBXSourcesBuildPhase section */
		888AC0822C048C8E001FCD49 /* Sources */ = {
			isa = PBXSourcesBuildPhase;
			buildActionMask = 2147483647;
			files = (
				88411FC72C5AA52D00EEE5D4 /* AddNotes.swift in Sources */,
				888AC08C2C048C8E001FCD49 /* ContentView.swift in Sources */,
				886F7A992C5FFC6D008C6613 /* AddPassword.swift in Sources */,
				88F365042C614C1E00F17B1F /* PaaswordSaveData.swift in Sources */,
				8824CBC62C555557007320EE /* Password.swift in Sources */,
				888AC08A2C048C8E001FCD49 /* Password_KeeperApp.swift in Sources */,
				88606BF42C58208F00A600E3 /* Notes.swift in Sources */,
			);
			runOnlyForDeploymentPostprocessing = 0;
		};
/* End PBXSourcesBuildPhase section */

/* Begin XCBuildConfiguration section */
		888AC0922C048C8F001FCD49 /* Debug */ = {
			isa = XCBuildConfiguration;
			buildSettings = {
				ALWAYS_SEARCH_USER_PATHS = NO;
				ASSETCATALOG_COMPILER_GENERATE_SWIFT_ASSET_SYMBOL_EXTENSIONS = YES;
				CLANG_ANALYZER_NONNULL = YES;
				CLANG_ANALYZER_NUMBER_OBJECT_CONVERSION = YES_AGGRESSIVE;
				CLANG_CXX_LANGUAGE_STANDARD = "gnu++20";
				CLANG_ENABLE_MODULES = YES;
				CLANG_ENABLE_OBJC_ARC = YES;
				CLANG_ENABLE_OBJC_WEAK = YES;
				CLANG_WARN_BLOCK_CAPTURE_AUTORELEASING = YES;
				CLANG_WARN_BOOL_CONVERSION = YES;
				CLANG_WARN_COMMA = YES;
				CLANG_WARN_CONSTANT_CONVERSION = YES;
				CLANG_WARN_DEPRECATED_OBJC_IMPLEMENTATIONS = YES;
				CLANG_WARN_DIRECT_OBJC_ISA_USAGE = YES_ERROR;
				CLANG_WARN_DOCUMENTATION_COMMENTS = YES;
				CLANG_WARN_EMPTY_BODY = YES;
				CLANG_WARN_ENUM_CONVERSION = YES;
				CLANG_WARN_INFINITE_RECURSION = YES;
				CLANG_WARN_INT_CONVERSION = YES;
				CLANG_WARN_NON_LITERAL_NULL_CONVERSION = YES;
				CLANG_WARN_OBJC_IMPLICIT_RETAIN_SELF = YES;
				CLANG_WARN_OBJC_LITERAL_CONVERSION = YES;
				CLANG_WARN_OBJC_ROOT_CLASS = YES_ERROR;
				CLANG_WARN_QUOTED_INCLUDE_IN_FRAMEWORK_HEADER = YES;
				CLANG_WARN_RANGE_LOOP_ANALYSIS = YES;
				CLANG_WARN_STRICT_PROTOTYPES = YES;
				CLANG_WARN_SUSPICIOUS_MOVE = YES;
				CLANG_WARN_UNGUARDED_AVAILABILITY = YES_AGGRESSIVE;
				CLANG_WARN_UNREACHABLE_CODE = YES;
				CLANG_WARN__DUPLICATE_METHOD_MATCH = YES;
				COPY_PHASE_STRIP = NO;
				DEBUG_INFORMATION_FORMAT = dwarf;
				ENABLE_STRICT_OBJC_MSGSEND = YES;
				ENABLE_TESTABILITY = YES;
				ENABLE_USER_SCRIPT_SANDBOXING = YES;
				GCC_C_LANGUAGE_STANDARD = gnu17;
				GCC_DYNAMIC_NO_PIC = NO;
				GCC_NO_COMMON_BLOCKS = YES;
				GCC_OPTIMIZATION_LEVEL = 0;
				GCC_PREPROCESSOR_DEFINITIONS = (
					"DEBUG=1",
					"$(inherited)",
				);
				GCC_WARN_64_TO_32_BIT_CONVERSION = YES;
				GCC_WARN_ABOUT_RETURN_TYPE = YES_ERROR;
				GCC_WARN_UNDECLARED_SELECTOR = YES;
				GCC_WARN_UNINITIALIZED_AUTOS = YES_AGGRESSIVE;
				GCC_WARN_UNUSED_FUNCTION = YES;
				GCC_WARN_UNUSED_VARIABLE = YES;
				IPHONEOS_DEPLOYMENT_TARGET = 17.5;
				LOCALIZATION_PREFERS_STRING_CATALOGS = YES;
				MTL_ENABLE_DEBUG_INFO = INCLUDE_SOURCE;
				MTL_FAST_MATH = YES;
				ONLY_ACTIVE_ARCH = YES;
				SDKROOT = iphoneos;
				SWIFT_ACTIVE_COMPILATION_CONDITIONS = "DEBUG $(inherited)";
				SWIFT_OPTIMIZATION_LEVEL = "-Onone";
			};
			name = Debug;
		};
		888AC0932C048C8F001FCD49 /* Release */ = {
			isa = XCBuildConfiguration;
			buildSettings = {
				ALWAYS_SEARCH_USER_PATHS = NO;
				ASSETCATALOG_COMPILER_GENERATE_SWIFT_ASSET_SYMBOL_EXTENSIONS = YES;
				CLANG_ANALYZER_NONNULL = YES;
				CLANG_ANALYZER_NUMBER_OBJECT_CONVERSION = YES_AGGRESSIVE;
				CLANG_CXX_LANGUAGE_STANDARD = "gnu++20";
				CLANG_ENABLE_MODULES = YES;
				CLANG_ENABLE_OBJC_ARC = YES;
				CLANG_ENABLE_OBJC_WEAK = YES;
				CLANG_WARN_BLOCK_CAPTURE_AUTORELEASING = YES;
				CLANG_WARN_BOOL_CONVERSION = YES;
				CLANG_WARN_COMMA = YES;
				CLANG_WARN_CONSTANT_CONVERSION = YES;
				CLANG_WARN_DEPRECATED_OBJC_IMPLEMENTATIONS = YES;
				CLANG_WARN_DIRECT_OBJC_ISA_USAGE = YES_ERROR;
				CLANG_WARN_DOCUMENTATION_COMMENTS = YES;
				CLANG_WARN_EMPTY_BODY = YES;
				CLANG_WARN_ENUM_CONVERSION = YES;
				CLANG_WARN_INFINITE_RECURSION = YES;
				CLANG_WARN_INT_CONVERSION = YES;
				CLANG_WARN_NON_LITERAL_NULL_CONVERSION = YES;
				CLANG_WARN_OBJC_IMPLICIT_RETAIN_SELF = YES;
				CLANG_WARN_OBJC_LITERAL_CONVERSION = YES;
				CLANG_WARN_OBJC_ROOT_CLASS = YES_ERROR;
				CLANG_WARN_QUOTED_INCLUDE_IN_FRAMEWORK_HEADER = YES;
				CLANG_WARN_RANGE_LOOP_ANALYSIS = YES;
				CLANG_WARN_STRICT_PROTOTYPES = YES;
				CLANG_WARN_SUSPICIOUS_MOVE = YES;
				CLANG_WARN_UNGUARDED_AVAILABILITY = YES_AGGRESSIVE;
				CLANG_WARN_UNREACHABLE_CODE = YES;
				CLANG_WARN__DUPLICATE_METHOD_MATCH = YES;
				COPY_PHASE_STRIP = NO;
				DEBUG_INFORMATION_FORMAT = "dwarf-with-dsym";
				ENABLE_NS_ASSERTIONS = NO;
				ENABLE_STRICT_OBJC_MSGSEND = YES;
				ENABLE_USER_SCRIPT_SANDBOXING = YES;
				GCC_C_LANGUAGE_STANDARD = gnu17;
				GCC_NO_COMMON_BLOCKS = YES;
				GCC_WARN_64_TO_32_BIT_CONVERSION = YES;
				GCC_WARN_ABOUT_RETURN_TYPE = YES_ERROR;
				GCC_WARN_UNDECLARED_SELECTOR = YES;
				GCC_WARN_UNINITIALIZED_AUTOS = YES_AGGRESSIVE;
				GCC_WARN_UNUSED_FUNCTION = YES;
				GCC_WARN_UNUSED_VARIABLE = YES;
				IPHONEOS_DEPLOYMENT_TARGET = 17.5;
				LOCALIZATION_PREFERS_STRING_CATALOGS = YES;
				MTL_ENABLE_DEBUG_INFO = NO;
				MTL_FAST_MATH = YES;
				SDKROOT = iphoneos;
				SWIFT_COMPILATION_MODE = wholemodule;
				VALIDATE_PRODUCT = YES;
			};
			name = Release;
		};
		888AC0952C048C8F001FCD49 /* Debug */ = {
			isa = XCBuildConfiguration;
			buildSettings = {
				ASSETCATALOG_COMPILER_APPICON_NAME = AppIcon;
				ASSETCATALOG_COMPILER_GLOBAL_ACCENT_COLOR_NAME = AccentColor;
				CODE_SIGN_STYLE = Automatic;
				CURRENT_PROJECT_VERSION = 1;
				DEVELOPMENT_ASSET_PATHS = "\"Password Keeper/Preview Content\"";
				DEVELOPMENT_TEAM = VLA2U4TVXS;
				ENABLE_PREVIEWS = YES;
				GENERATE_INFOPLIST_FILE = YES;
				INFOPLIST_KEY_UIApplicationSceneManifest_Generation = YES;
				INFOPLIST_KEY_UIApplicationSupportsIndirectInputEvents = YES;
				INFOPLIST_KEY_UILaunchScreen_Generation = YES;
				INFOPLIST_KEY_UISupportedInterfaceOrientations_iPad = "UIInterfaceOrientationPortrait UIInterfaceOrientationPortraitUpsideDown UIInterfaceOrientationLandscapeLeft UIInterfaceOrientationLandscapeRight";
				INFOPLIST_KEY_UISupportedInterfaceOrientations_iPhone = "UIInterfaceOrientationPortrait UIInterfaceOrientationLandscapeLeft UIInterfaceOrientationLandscapeRight";
				LD_RUNPATH_SEARCH_PATHS = (
					"$(inherited)",
					"@executable_path/Frameworks",
				);
				MARKETING_VERSION = 1.0;
				PRODUCT_BUNDLE_IDENTIFIER = "com.yusufaydin.Password-Keeper";
				PRODUCT_NAME = "$(TARGET_NAME)";
				SWIFT_EMIT_LOC_STRINGS = YES;
				SWIFT_VERSION = 5.0;
				TARGETED_DEVICE_FAMILY = "1,2";
			};
			name = Debug;
		};
		888AC0962C048C8F001FCD49 /* Release */ = {
			isa = XCBuildConfiguration;
			buildSettings = {
				ASSETCATALOG_COMPILER_APPICON_NAME = AppIcon;
				ASSETCATALOG_COMPILER_GLOBAL_ACCENT_COLOR_NAME = AccentColor;
				CODE_SIGN_STYLE = Automatic;
				CURRENT_PROJECT_VERSION = 1;
				DEVELOPMENT_ASSET_PATHS = "\"Password Keeper/Preview Content\"";
				DEVELOPMENT_TEAM = VLA2U4TVXS;
				ENABLE_PREVIEWS = YES;
				GENERATE_INFOPLIST_FILE = YES;
				INFOPLIST_KEY_UIApplicationSceneManifest_Generation = YES;
				INFOPLIST_KEY_UIApplicationSupportsIndirectInputEvents = YES;
				INFOPLIST_KEY_UILaunchScreen_Generation = YES;
				INFOPLIST_KEY_UISupportedInterfaceOrientations_iPad = "UIInterfaceOrientationPortrait UIInterfaceOrientationPortraitUpsideDown UIInterfaceOrientationLandscapeLeft UIInterfaceOrientationLandscapeRight";
				INFOPLIST_KEY_UISupportedInterfaceOrientations_iPhone = "UIInterfaceOrientationPortrait UIInterfaceOrientationLandscapeLeft UIInterfaceOrientationLandscapeRight";
				LD_RUNPATH_SEARCH_PATHS = (
					"$(inherited)",
					"@executable_path/Frameworks",
				);
				MARKETING_VERSION = 1.0;
				PRODUCT_BUNDLE_IDENTIFIER = "com.yusufaydin.Password-Keeper";
				PRODUCT_NAME = "$(TARGET_NAME)";
				SWIFT_EMIT_LOC_STRINGS = YES;
				SWIFT_VERSION = 5.0;
				TARGETED_DEVICE_FAMILY = "1,2";
			};
			name = Release;
		};
/* End XCBuildConfiguration section */

/* Begin XCConfigurationList section */
		888AC0812C048C8E001FCD49 /* Build configuration list for PBXProject "Password Keeper" */ = {
			isa = XCConfigurationList;
			buildConfigurations = (
				888AC0922C048C8F001FCD49 /* Debug */,
				888AC0932C048C8F001FCD49 /* Release */,
			);
			defaultConfigurationIsVisible = 0;
			defaultConfigurationName = Release;
		};
		888AC0942C048C8F001FCD49 /* Build configuration list for PBXNativeTarget "Password Keeper" */ = {
			isa = XCConfigurationList;
			buildConfigurations = (
				888AC0952C048C8F001FCD49 /* Debug */,
				888AC0962C048C8F001FCD49 /* Release */,
			);
			defaultConfigurationIsVisible = 0;
			defaultConfigurationName = Release;
		};
/* End XCConfigurationList section */
	};
	rootObject = 888AC07E2C048C8E001FCD49 /* Project object */;
}
